// !$*UTF8*$!
{
	archiveVersion = 1;
	classes = {
	};
	objectVersion = 50;
	objects = {

/* Begin PBXBuildFile section */
		1AB179EC23D0FC59005557DF /* AppDelegate.swift in Sources */ = {isa = PBXBuildFile; fileRef = 1AB179EB23D0FC59005557DF /* AppDelegate.swift */; };
		1AB179EE23D0FC59005557DF /* ViewController.swift in Sources */ = {isa = PBXBuildFile; fileRef = 1AB179ED23D0FC59005557DF /* ViewController.swift */; };
		1AB179F123D0FC59005557DF /* Main.storyboard in Resources */ = {isa = PBXBuildFile; fileRef = 1AB179EF23D0FC59005557DF /* Main.storyboard */; };
		1AB179F323D0FC5B005557DF /* Assets.xcassets in Resources */ = {isa = PBXBuildFile; fileRef = 1AB179F223D0FC5B005557DF /* Assets.xcassets */; };
		1AB179F623D0FC5B005557DF /* LaunchScreen.storyboard in Resources */ = {isa = PBXBuildFile; fileRef = 1AB179F423D0FC5B005557DF /* LaunchScreen.storyboard */; };
		1AB17A0123D0FC5B005557DF /* calculatorTests.swift in Sources */ = {isa = PBXBuildFile; fileRef = 1AB17A0023D0FC5B005557DF /* calculatorTests.swift */; };
		1AB17A0C23D0FC5B005557DF /* calculatorUITests.swift in Sources */ = {isa = PBXBuildFile; fileRef = 1AB17A0B23D0FC5B005557DF /* calculatorUITests.swift */; };
		1AB17A1C23D22314005557DF /* SettingsViewController.swift in Sources */ = {isa = PBXBuildFile; fileRef = 1AB17A1B23D22314005557DF /* SettingsViewController.swift */; };
/* End PBXBuildFile section */

/* Begin PBXContainerItemProxy section */
		1AB179FD23D0FC5B005557DF /* PBXContainerItemProxy */ = {
			isa = PBXContainerItemProxy;
			containerPortal = 1AB179E023D0FC59005557DF /* Project object */;
			proxyType = 1;
			remoteGlobalIDString = 1AB179E723D0FC59005557DF;
			remoteInfo = calculator;
		};
		1AB17A0823D0FC5B005557DF /* PBXContainerItemProxy */ = {
			isa = PBXContainerItemProxy;
			containerPortal = 1AB179E023D0FC59005557DF /* Project object */;
			proxyType = 1;
			remoteGlobalIDString = 1AB179E723D0FC59005557DF;
			remoteInfo = calculator;
		};
/* End PBXContainerItemProxy section */

/* Begin PBXFileReference section */
		1AB179E823D0FC59005557DF /* calculator.app */ = {isa = PBXFileReference; explicitFileType = wrapper.application; includeInIndex = 0; path = calculator.app; sourceTree = BUILT_PRODUCTS_DIR; };
		1AB179EB23D0FC59005557DF /* AppDelegate.swift */ = {isa = PBXFileReference; lastKnownFileType = sourcecode.swift; path = AppDelegate.swift; sourceTree = "<group>"; };
		1AB179ED23D0FC59005557DF /* ViewController.swift */ = {isa = PBXFileReference; lastKnownFileType = sourcecode.swift; path = ViewController.swift; sourceTree = "<group>"; };
		1AB179F023D0FC59005557DF /* Base */ = {isa = PBXFileReference; lastKnownFileType = file.storyboard; name = Base; path = Base.lproj/Main.storyboard; sourceTree = "<group>"; };
		1AB179F223D0FC5B005557DF /* Assets.xcassets */ = {isa = PBXFileReference; lastKnownFileType = folder.assetcatalog; path = Assets.xcassets; sourceTree = "<group>"; };
		1AB179F523D0FC5B005557DF /* Base */ = {isa = PBXFileReference; lastKnownFileType = file.storyboard; name = Base; path = Base.lproj/LaunchScreen.storyboard; sourceTree = "<group>"; };
		1AB179F723D0FC5B005557DF /* Info.plist */ = {isa = PBXFileReference; lastKnownFileType = text.plist.xml; path = Info.plist; sourceTree = "<group>"; };
		1AB179FC23D0FC5B005557DF /* calculatorTests.xctest */ = {isa = PBXFileReference; explicitFileType = wrapper.cfbundle; includeInIndex = 0; path = calculatorTests.xctest; sourceTree = BUILT_PRODUCTS_DIR; };
		1AB17A0023D0FC5B005557DF /* calculatorTests.swift */ = {isa = PBXFileReference; lastKnownFileType = sourcecode.swift; path = calculatorTests.swift; sourceTree = "<group>"; };
		1AB17A0223D0FC5B005557DF /* Info.plist */ = {isa = PBXFileReference; lastKnownFileType = text.plist.xml; path = Info.plist; sourceTree = "<group>"; };
		1AB17A0723D0FC5B005557DF /* calculatorUITests.xctest */ = {isa = PBXFileReference; explicitFileType = wrapper.cfbundle; includeInIndex = 0; path = calculatorUITests.xctest; sourceTree = BUILT_PRODUCTS_DIR; };
		1AB17A0B23D0FC5B005557DF /* calculatorUITests.swift */ = {isa = PBXFileReference; lastKnownFileType = sourcecode.swift; path = calculatorUITests.swift; sourceTree = "<group>"; };
		1AB17A0D23D0FC5B005557DF /* Info.plist */ = {isa = PBXFileReference; lastKnownFileType = text.plist.xml; path = Info.plist; sourceTree = "<group>"; };
		1AB17A1B23D22314005557DF /* SettingsViewController.swift */ = {isa = PBXFileReference; lastKnownFileType = sourcecode.swift; path = SettingsViewController.swift; sourceTree = "<group>"; };
/* End PBXFileReference section */

/* Begin PBXFrameworksBuildPhase section */
		1AB179E523D0FC59005557DF /* Frameworks */ = {
			isa = PBXFrameworksBuildPhase;
			buildActionMask = 2147483647;
			files = (
			);
			runOnlyForDeploymentPostprocessing = 0;
		};
		1AB179F923D0FC5B005557DF /* Frameworks */ = {
			isa = PBXFrameworksBuildPhase;
			buildActionMask = 2147483647;
			files = (
			);
			runOnlyForDeploymentPostprocessing = 0;
		};
		1AB17A0423D0FC5B005557DF /* Frameworks */ = {
			isa = PBXFrameworksBuildPhase;
			buildActionMask = 2147483647;
			files = (
			);
			runOnlyForDeploymentPostprocessing = 0;
		};
/* End PBXFrameworksBuildPhase section */

/* Begin PBXGroup section */
		1AB179DF23D0FC59005557DF = {
			isa = PBXGroup;
			children = (
				1AB179EA23D0FC59005557DF /* calculator */,
				1AB179FF23D0FC5B005557DF /* calculatorTests */,
				1AB17A0A23D0FC5B005557DF /* calculatorUITests */,
				1AB179E923D0FC59005557DF /* Products */,
			);
			sourceTree = "<group>";
		};
		1AB179E923D0FC59005557DF /* Products */ = {
			isa = PBXGroup;
			children = (
				1AB179E823D0FC59005557DF /* calculator.app */,
				1AB179FC23D0FC5B005557DF /* calculatorTests.xctest */,
				1AB17A0723D0FC5B005557DF /* calculatorUITests.xctest */,
			);
			name = Products;
			sourceTree = "<group>";
		};
		1AB179EA23D0FC59005557DF /* calculator */ = {
			isa = PBXGroup;
			children = (
				1AB179EB23D0FC59005557DF /* AppDelegate.swift */,
				1AB179ED23D0FC59005557DF /* ViewController.swift */,
				1AB179EF23D0FC59005557DF /* Main.storyboard */,
				1AB17A1B23D22314005557DF /* SettingsViewController.swift */,
				1AB179F223D0FC5B005557DF /* Assets.xcassets */,
				1AB179F423D0FC5B005557DF /* LaunchScreen.storyboard */,
				1AB179F723D0FC5B005557DF /* Info.plist */,
			);
			path = calculator;
			sourceTree = "<group>";
		};
		1AB179FF23D0FC5B005557DF /* calculatorTests */ = {
			isa = PBXGroup;
			children = (
				1AB17A0023D0FC5B005557DF /* calculatorTests.swift */,
				1AB17A0223D0FC5B005557DF /* Info.plist */,
			);
			path = calculatorTests;
			sourceTree = "<group>";
		};
		1AB17A0A23D0FC5B005557DF /* calculatorUITests */ = {
			isa = PBXGroup;
			children = (
				1AB17A0B23D0FC5B005557DF /* calculatorUITests.swift */,
				1AB17A0D23D0FC5B005557DF /* Info.plist */,
			);
			path = calculatorUITests;
			sourceTree = "<group>";
		};
/* End PBXGroup section */

/* Begin PBXNativeTarget section */
		1AB179E723D0FC59005557DF /* calculator */ = {
			isa = PBXNativeTarget;
			buildConfigurationList = 1AB17A1023D0FC5B005557DF /* Build configuration list for PBXNativeTarget "calculator" */;
			buildPhases = (
				1AB179E423D0FC59005557DF /* Sources */,
				1AB179E523D0FC59005557DF /* Frameworks */,
				1AB179E623D0FC59005557DF /* Resources */,
			);
			buildRules = (
			);
			dependencies = (
			);
			name = calculator;
			productName = calculator;
			productReference = 1AB179E823D0FC59005557DF /* calculator.app */;
			productType = "com.apple.product-type.application";
		};
		1AB179FB23D0FC5B005557DF /* calculatorTests */ = {
			isa = PBXNativeTarget;
			buildConfigurationList = 1AB17A1323D0FC5B005557DF /* Build configuration list for PBXNativeTarget "calculatorTests" */;
			buildPhases = (
				1AB179F823D0FC5B005557DF /* Sources */,
				1AB179F923D0FC5B005557DF /* Frameworks */,
				1AB179FA23D0FC5B005557DF /* Resources */,
			);
			buildRules = (
			);
			dependencies = (
				1AB179FE23D0FC5B005557DF /* PBXTargetDependency */,
			);
			name = calculatorTests;
			productName = calculatorTests;
			productReference = 1AB179FC23D0FC5B005557DF /* calculatorTests.xctest */;
			productType = "com.apple.product-type.bundle.unit-test";
		};
		1AB17A0623D0FC5B005557DF /* calculatorUITests */ = {
			isa = PBXNativeTarget;
			buildConfigurationList = 1AB17A1623D0FC5B005557DF /* Build configuration list for PBXNativeTarget "calculatorUITests" */;
			buildPhases = (
				1AB17A0323D0FC5B005557DF /* Sources */,
				1AB17A0423D0FC5B005557DF /* Frameworks */,
				1AB17A0523D0FC5B005557DF /* Resources */,
			);
			buildRules = (
			);
			dependencies = (
				1AB17A0923D0FC5B005557DF /* PBXTargetDependency */,
			);
			name = calculatorUITests;
			productName = calculatorUITests;
			productReference = 1AB17A0723D0FC5B005557DF /* calculatorUITests.xctest */;
			productType = "com.apple.product-type.bundle.ui-testing";
		};
/* End PBXNativeTarget section */

/* Begin PBXProject section */
		1AB179E023D0FC59005557DF /* Project object */ = {
			isa = PBXProject;
			attributes = {
				LastSwiftUpdateCheck = 1030;
				LastUpgradeCheck = 1030;
				ORGANIZATIONNAME = "Andre Vincent";
				TargetAttributes = {
					1AB179E723D0FC59005557DF = {
						CreatedOnToolsVersion = 10.3;
					};
					1AB179FB23D0FC5B005557DF = {
						CreatedOnToolsVersion = 10.3;
						TestTargetID = 1AB179E723D0FC59005557DF;
					};
					1AB17A0623D0FC5B005557DF = {
						CreatedOnToolsVersion = 10.3;
						TestTargetID = 1AB179E723D0FC59005557DF;
					};
				};
			};
			buildConfigurationList = 1AB179E323D0FC59005557DF /* Build configuration list for PBXProject "calculator" */;
			compatibilityVersion = "Xcode 9.3";
			developmentRegion = en;
			hasScannedForEncodings = 0;
			knownRegions = (
				en,
				Base,
			);
			mainGroup = 1AB179DF23D0FC59005557DF;
			productRefGroup = 1AB179E923D0FC59005557DF /* Products */;
			projectDirPath = "";
			projectRoot = "";
			targets = (
				1AB179E723D0FC59005557DF /* calculator */,
				1AB179FB23D0FC5B005557DF /* calculatorTests */,
				1AB17A0623D0FC5B005557DF /* calculatorUITests */,
			);
		};
/* End PBXProject section */

/* Begin PBXResourcesBuildPhase section */
		1AB179E623D0FC59005557DF /* Resources */ = {
			isa = PBXResourcesBuildPhase;
			buildActionMask = 2147483647;
			files = (
				1AB179F623D0FC5B005557DF /* LaunchScreen.storyboard in Resources */,
				1AB179F323D0FC5B005557DF /* Assets.xcassets in Resources */,
				1AB179F123D0FC59005557DF /* Main.storyboard in Resources */,
			);
			runOnlyForDeploymentPostprocessing = 0;
		};
		1AB179FA23D0FC5B005557DF /* Resources */ = {
			isa = PBXResourcesBuildPhase;
			buildActionMask = 2147483647;
			files = (
			);
			runOnlyForDeploymentPostprocessing = 0;
		};
		1AB17A0523D0FC5B005557DF /* Resources */ = {
			isa = PBXResourcesBuildPhase;
			buildActionMask = 2147483647;
			files = (
			);
			runOnlyForDeploymentPostprocessing = 0;
		};
/* End PBXResourcesBuildPhase section */

/* Begin PBXSourcesBuildPhase section */
		1AB179E423D0FC59005557DF /* Sources */ = {
			isa = PBXSourcesBuildPhase;
			buildActionMask = 2147483647;
			files = (
				1AB179EE23D0FC59005557DF /* ViewController.swift in Sources */,
				1AB179EC23D0FC59005557DF /* AppDelegate.swift in Sources */,
				1AB17A1C23D22314005557DF /* SettingsViewController.swift in Sources */,
			);
			runOnlyForDeploymentPostprocessing = 0;
		};
		1AB179F823D0FC5B005557DF /* Sources */ = {
			isa = PBXSourcesBuildPhase;
			buildActionMask = 2147483647;
			files = (
				1AB17A0123D0FC5B005557DF /* calculatorTests.swift in Sources */,
			);
			runOnlyForDeploymentPostprocessing = 0;
		};
		1AB17A0323D0FC5B005557DF /* Sources */ = {
			isa = PBXSourcesBuildPhase;
			buildActionMask = 2147483647;
			files = (
				1AB17A0C23D0FC5B005557DF /* calculatorUITests.swift in Sources */,
			);
			runOnlyForDeploymentPostprocessing = 0;
		};
/* End PBXSourcesBuildPhase section */

/* Begin PBXTargetDependency section */
		1AB179FE23D0FC5B005557DF /* PBXTargetDependency */ = {
			isa = PBXTargetDependency;
			target = 1AB179E723D0FC59005557DF /* calculator */;
			targetProxy = 1AB179FD23D0FC5B005557DF /* PBXContainerItemProxy */;
		};
		1AB17A0923D0FC5B005557DF /* PBXTargetDependency */ = {
			isa = PBXTargetDependency;
			target = 1AB179E723D0FC59005557DF /* calculator */;
			targetProxy = 1AB17A0823D0FC5B005557DF /* PBXContainerItemProxy */;
		};
/* End PBXTargetDependency section */

/* Begin PBXVariantGroup section */
		1AB179EF23D0FC59005557DF /* Main.storyboard */ = {
			isa = PBXVariantGroup;
			children = (
				1AB179F023D0FC59005557DF /* Base */,
			);
			name = Main.storyboard;
			sourceTree = "<group>";
		};
		1AB179F423D0FC5B005557DF /* LaunchScreen.storyboard */ = {
			isa = PBXVariantGroup;
			children = (
				1AB179F523D0FC5B005557DF /* Base */,
			);
			name = LaunchScreen.storyboard;
			sourceTree = "<group>";
		};
/* End PBXVariantGroup section */

/* Begin XCBuildConfiguration section */
		1AB17A0E23D0FC5B005557DF /* Debug */ = {
			isa = XCBuildConfiguration;
			buildSettings = {
				ALWAYS_SEARCH_USER_PATHS = NO;
				CLANG_ANALYZER_NONNULL = YES;
				CLANG_ANALYZER_NUMBER_OBJECT_CONVERSION = YES_AGGRESSIVE;
				CLANG_CXX_LANGUAGE_STANDARD = "gnu++14";
				CLANG_CXX_LIBRARY = "libc++";
				CLANG_ENABLE_MODULES = YES;
				CLANG_ENABLE_OBJC_ARC = YES;
				CLANG_ENABLE_OBJC_WEAK = YES;
				CLANG_WARN_BLOCK_CAPTURE_AUTORELEASING = YES;
				CLANG_WARN_BOOL_CONVERSION = YES;
				CLANG_WARN_COMMA = YES;
				CLANG_WARN_CONSTANT_CONVERSION = YES;
				CLANG_WARN_DEPRECATED_OBJC_IMPLEMENTATIONS = YES;
				CLANG_WARN_DIRECT_OBJC_ISA_USAGE = YES_ERROR;
				CLANG_WARN_DOCUMENTATION_COMMENTS = YES;
				CLANG_WARN_EMPTY_BODY = YES;
				CLANG_WARN_ENUM_CONVERSION = YES;
				CLANG_WARN_INFINITE_RECURSION = YES;
				CLANG_WARN_INT_CONVERSION = YES;
				CLANG_WARN_NON_LITERAL_NULL_CONVERSION = YES;
				CLANG_WARN_OBJC_IMPLICIT_RETAIN_SELF = YES;
				CLANG_WARN_OBJC_LITERAL_CONVERSION = YES;
				CLANG_WARN_OBJC_ROOT_CLASS = YES_ERROR;
				CLANG_WARN_RANGE_LOOP_ANALYSIS = YES;
				CLANG_WARN_STRICT_PROTOTYPES = YES;
				CLANG_WARN_SUSPICIOUS_MOVE = YES;
				CLANG_WARN_UNGUARDED_AVAILABILITY = YES_AGGRESSIVE;
				CLANG_WARN_UNREACHABLE_CODE = YES;
				CLANG_WARN__DUPLICATE_METHOD_MATCH = YES;
				CODE_SIGN_IDENTITY = "iPhone Developer";
				COPY_PHASE_STRIP = NO;
				DEBUG_INFORMATION_FORMAT = dwarf;
				ENABLE_STRICT_OBJC_MSGSEND = YES;
				ENABLE_TESTABILITY = YES;
				GCC_C_LANGUAGE_STANDARD = gnu11;
				GCC_DYNAMIC_NO_PIC = NO;
				GCC_NO_COMMON_BLOCKS = YES;
				GCC_OPTIMIZATION_LEVEL = 0;
				GCC_PREPROCESSOR_DEFINITIONS = (
					"DEBUG=1",
					"$(inherited)",
				);
				GCC_WARN_64_TO_32_BIT_CONVERSION = YES;
				GCC_WARN_ABOUT_RETURN_TYPE = YES_ERROR;
				GCC_WARN_UNDECLARED_SELECTOR = YES;
				GCC_WARN_UNINITIALIZED_AUTOS = YES_AGGRESSIVE;
				GCC_WARN_UNUSED_FUNCTION = YES;
				GCC_WARN_UNUSED_VARIABLE = YES;
				IPHONEOS_DEPLOYMENT_TARGET = 12.4;
				MTL_ENABLE_DEBUG_INFO = INCLUDE_SOURCE;
				MTL_FAST_MATH = YES;
				ONLY_ACTIVE_ARCH = YES;
				SDKROOT = iphoneos;
				SWIFT_ACTIVE_COMPILATION_CONDITIONS = DEBUG;
				SWIFT_OPTIMIZATION_LEVEL = "-Onone";
			};
			name = Debug;
		};
		1AB17A0F23D0FC5B005557DF /* Release */ = {
			isa = XCBuildConfiguration;
			buildSettings = {
				ALWAYS_SEARCH_USER_PATHS = NO;
				CLANG_ANALYZER_NONNULL = YES;
				CLANG_ANALYZER_NUMBER_OBJECT_CONVERSION = YES_AGGRESSIVE;
				CLANG_CXX_LANGUAGE_STANDARD = "gnu++14";
				CLANG_CXX_LIBRARY = "libc++";
				CLANG_ENABLE_MODULES = YES;
				CLANG_ENABLE_OBJC_ARC = YES;
				CLANG_ENABLE_OBJC_WEAK = YES;
				CLANG_WARN_BLOCK_CAPTURE_AUTORELEASING = YES;
				CLANG_WARN_BOOL_CONVERSION = YES;
				CLANG_WARN_COMMA = YES;
				CLANG_WARN_CONSTANT_CONVERSION = YES;
				CLANG_WARN_DEPRECATED_OBJC_IMPLEMENTATIONS = YES;
				CLANG_WARN_DIRECT_OBJC_ISA_USAGE = YES_ERROR;
				CLANG_WARN_DOCUMENTATION_COMMENTS = YES;
				CLANG_WARN_EMPTY_BODY = YES;
				CLANG_WARN_ENUM_CONVERSION = YES;
				CLANG_WARN_INFINITE_RECURSION = YES;
				CLANG_WARN_INT_CONVERSION = YES;
				CLANG_WARN_NON_LITERAL_NULL_CONVERSION = YES;
				CLANG_WARN_OBJC_IMPLICIT_RETAIN_SELF = YES;
				CLANG_WARN_OBJC_LITERAL_CONVERSION = YES;
				CLANG_WARN_OBJC_ROOT_CLASS = YES_ERROR;
				CLANG_WARN_RANGE_LOOP_ANALYSIS = YES;
				CLANG_WARN_STRICT_PROTOTYPES = YES;
				CLANG_WARN_SUSPICIOUS_MOVE = YES;
				CLANG_WARN_UNGUARDED_AVAILABILITY = YES_AGGRESSIVE;
				CLANG_WARN_UNREACHABLE_CODE = YES;
				CLANG_WARN__DUPLICATE_METHOD_MATCH = YES;
				CODE_SIGN_IDENTITY = "iPhone Developer";
				COPY_PHASE_STRIP = NO;
				DEBUG_INFORMATION_FORMAT = "dwarf-with-dsym";
				ENABLE_NS_ASSERTIONS = NO;
				ENABLE_STRICT_OBJC_MSGSEND = YES;
				GCC_C_LANGUAGE_STANDARD = gnu11;
				GCC_NO_COMMON_BLOCKS = YES;
				GCC_WARN_64_TO_32_BIT_CONVERSION = YES;
				GCC_WARN_ABOUT_RETURN_TYPE = YES_ERROR;
				GCC_WARN_UNDECLARED_SELECTOR = YES;
				GCC_WARN_UNINITIALIZED_AUTOS = YES_AGGRESSIVE;
				GCC_WARN_UNUSED_FUNCTION = YES;
				GCC_WARN_UNUSED_VARIABLE = YES;
				IPHONEOS_DEPLOYMENT_TARGET = 12.4;
				MTL_ENABLE_DEBUG_INFO = NO;
				MTL_FAST_MATH = YES;
				SDKROOT = iphoneos;
				SWIFT_COMPILATION_MODE = wholemodule;
				SWIFT_OPTIMIZATION_LEVEL = "-O";
				VALIDATE_PRODUCT = YES;
			};
			name = Release;
		};
		1AB17A1123D0FC5B005557DF /* Debug */ = {
			isa = XCBuildConfiguration;
			buildSettings = {
				ASSETCATALOG_COMPILER_APPICON_NAME = AppIcon;
				CODE_SIGN_STYLE = Automatic;
				INFOPLIST_FILE = calculator/Info.plist;
				LD_RUNPATH_SEARCH_PATHS = (
					"$(inherited)",
					"@executable_path/Frameworks",
				);
				PRODUCT_BUNDLE_IDENTIFIER = Vincent.calculator;
				PRODUCT_NAME = "$(TARGET_NAME)";
				SWIFT_VERSION = 5.0;
				TARGETED_DEVICE_FAMILY = "1,2";
			};
			name = Debug;
		};
		1AB17A1223D0FC5B005557DF /* Release */ = {
			isa = XCBuildConfiguration;
			buildSettings = {
				ASSETCATALOG_COMPILER_APPICON_NAME = AppIcon;
				CODE_SIGN_STYLE = Automatic;
				INFOPLIST_FILE = calculator/Info.plist;
				LD_RUNPATH_SEARCH_PATHS = (
					"$(inherited)",
					"@executable_path/Frameworks",
				);
				PRODUCT_BUNDLE_IDENTIFIER = Vincent.calculator;
				PRODUCT_NAME = "$(TARGET_NAME)";
				SWIFT_VERSION = 5.0;
				TARGETED_DEVICE_FAMILY = "1,2";
			};
			name = Release;
		};
		1AB17A1423D0FC5B005557DF /* Debug */ = {
			isa = XCBuildConfiguration;
			buildSettings = {
				ALWAYS_EMBED_SWIFT_STANDARD_LIBRARIES = YES;
				BUNDLE_LOADER = "$(TEST_HOST)";
				CODE_SIGN_STYLE = Automatic;
				INFOPLIST_FILE = calculatorTests/Info.plist;
				LD_RUNPATH_SEARCH_PATHS = (
					"$(inherited)",
					"@executable_path/Frameworks",
					"@loader_path/Frameworks",
				);
				PRODUCT_BUNDLE_IDENTIFIER = Vincent.calculatorTests;
				PRODUCT_NAME = "$(TARGET_NAME)";
				SWIFT_VERSION = 5.0;
				TARGETED_DEVICE_FAMILY = "1,2";
				TEST_HOST = "$(BUILT_PRODUCTS_DIR)/calculator.app/calculator";
			};
			name = Debug;
		};
		1AB17A1523D0FC5B005557DF /* Release */ = {
			isa = XCBuildConfiguration;
			buildSettings = {
				ALWAYS_EMBED_SWIFT_STANDARD_LIBRARIES = YES;
				BUNDLE_LOADER = "$(TEST_HOST)";
				CODE_SIGN_STYLE = Automatic;
				INFOPLIST_FILE = calculatorTests/Info.plist;
				LD_RUNPATH_SEARCH_PATHS = (
					"$(inherited)",
					"@executable_path/Frameworks",
					"@loader_path/Frameworks",
				);
				PRODUCT_BUNDLE_IDENTIFIER = Vincent.calculatorTests;
				PRODUCT_NAME = "$(TARGET_NAME)";
				SWIFT_VERSION = 5.0;
				TARGETED_DEVICE_FAMILY = "1,2";
				TEST_HOST = "$(BUILT_PRODUCTS_DIR)/calculator.app/calculator";
			};
			name = Release;
		};
		1AB17A1723D0FC5B005557DF /* Debug */ = {
			isa = XCBuildConfiguration;
			buildSettings = {
				ALWAYS_EMBED_SWIFT_STANDARD_LIBRARIES = YES;
				CODE_SIGN_STYLE = Automatic;
				INFOPLIST_FILE = calculatorUITests/Info.plist;
				LD_RUNPATH_SEARCH_PATHS = (
					"$(inherited)",
					"@executable_path/Frameworks",
					"@loader_path/Frameworks",
				);
				PRODUCT_BUNDLE_IDENTIFIER = Vincent.calculatorUITests;
				PRODUCT_NAME = "$(TARGET_NAME)";
				SWIFT_VERSION = 5.0;
				TARGETED_DEVICE_FAMILY = "1,2";
				TEST_TARGET_NAME = calculator;
			};
			name = Debug;
		};
		1AB17A1823D0FC5B005557DF /* Release */ = {
			isa = XCBuildConfiguration;
			buildSettings = {
				ALWAYS_EMBED_SWIFT_STANDARD_LIBRARIES = YES;
				CODE_SIGN_STYLE = Automatic;
				INFOPLIST_FILE = calculatorUITests/Info.plist;
				LD_RUNPATH_SEARCH_PATHS = (
					"$(inherited)",
					"@executable_path/Frameworks",
					"@loader_path/Frameworks",
				);
				PRODUCT_BUNDLE_IDENTIFIER = Vincent.calculatorUITests;
				PRODUCT_NAME = "$(TARGET_NAME)";
				SWIFT_VERSION = 5.0;
				TARGETED_DEVICE_FAMILY = "1,2";
				TEST_TARGET_NAME = calculator;
			};
			name = Release;
		};
/* End XCBuildConfiguration section */

/* Begin XCConfigurationList section */
		1AB179E323D0FC59005557DF /* Build configuration list for PBXProject "calculator" */ = {
			isa = XCConfigurationList;
			buildConfigurations = (
				1AB17A0E23D0FC5B005557DF /* Debug */,
				1AB17A0F23D0FC5B005557DF /* Release */,
			);
			defaultConfigurationIsVisible = 0;
			defaultConfigurationName = Release;
		};
		1AB17A1023D0FC5B005557DF /* Build configuration list for PBXNativeTarget "calculator" */ = {
			isa = XCConfigurationList;
			buildConfigurations = (
				1AB17A1123D0FC5B005557DF /* Debug */,
				1AB17A1223D0FC5B005557DF /* Release */,
			);
			defaultConfigurationIsVisible = 0;
			defaultConfigurationName = Release;
		};
		1AB17A1323D0FC5B005557DF /* Build configuration list for PBXNativeTarget "calculatorTests" */ = {
			isa = XCConfigurationList;
			buildConfigurations = (
				1AB17A1423D0FC5B005557DF /* Debug */,
				1AB17A1523D0FC5B005557DF /* Release */,
			);
			defaultConfigurationIsVisible = 0;
			defaultConfigurationName = Release;
		};
		1AB17A1623D0FC5B005557DF /* Build configuration list for PBXNativeTarget "calculatorUITests" */ = {
			isa = XCConfigurationList;
			buildConfigurations = (
				1AB17A1723D0FC5B005557DF /* Debug */,
				1AB17A1823D0FC5B005557DF /* Release */,
			);
			defaultConfigurationIsVisible = 0;
			defaultConfigurationName = Release;
		};
/* End XCConfigurationList section */
	};
	rootObject = 1AB179E023D0FC59005557DF /* Project object */;
}
